
Microsoft Visual Studio Solution File, Format Version 12.00
# Visual Studio Version 16
VisualStudioVersion = 16.0.31313.79
MinimumVisualStudioVersion = 10.0.40219.1
Project("{FAE04EC0-301F-11D3-BF4B-00C04F79EFBC}") = "Part1_Basic", "Part1_Basic\Part1_Basic.csproj", "{51F47666-D950-4417-B7D5-C64959351E9D}"
EndProject
Global
	GlobalSection(SolutionConfigurationPlatforms) = preSolution
		Debug|Any CPU = Debug|Any CPU
		Release|Any CPU = Release|Any CPU
	EndGlobalSection
	GlobalSection(ProjectConfigurationPlatforms) = postSolution
		{51F47666-D950-4417-B7D5-C64959351E9D}.Debug|Any CPU.ActiveCfg = Debug|Any CPU
		{51F47666-D950-4417-B7D5-C64959351E9D}.Debug|Any CPU.Build.0 = Debug|Any CPU
		{51F47666-D950-4417-B7D5-C64959351E9D}.Release|Any CPU.ActiveCfg = Release|Any CPU
		{51F47666-D950-4417-B7D5-C64959351E9D}.Release|Any CPU.Build.0 = Release|Any CPU
	EndGlobalSection
	GlobalSection(SolutionProperties) = preSolution
		HideSolutionNode = FALSE
	EndGlobalSection
	GlobalSection(ExtensibilityGlobals) = postSolution
		SolutionGuid = {6E64F2FD-2F2F-4414-899C-E81DB625AC83}
	EndGlobalSection
EndGlobal
